// !$*UTF8*$!
{
	archiveVersion = 1;
	classes = {
	};
	objectVersion = 77;
	objects = {

/* Begin PBXBuildFile section */
		260A24FB2CB6FA1F001A5399 /* FirebaseAnalytics in Frameworks */ = {isa = PBXBuildFile; productRef = 260A24FA2CB6FA1F001A5399 /* FirebaseAnalytics */; };
		260A24FD2CB6FA1F001A5399 /* FirebaseAuth in Frameworks */ = {isa = PBXBuildFile; productRef = 260A24FC2CB6FA1F001A5399 /* FirebaseAuth */; };
		260A24FF2CB6FA1F001A5399 /* FirebaseCrashlytics in Frameworks */ = {isa = PBXBuildFile; productRef = 260A24FE2CB6FA1F001A5399 /* FirebaseCrashlytics */; };
		260A25012CB6FA1F001A5399 /* FirebaseFirestore in Frameworks */ = {isa = PBXBuildFile; productRef = 260A25002CB6FA1F001A5399 /* FirebaseFirestore */; };
		260A25032CB6FA1F001A5399 /* FirebaseRemoteConfig in Frameworks */ = {isa = PBXBuildFile; productRef = 260A25022CB6FA1F001A5399 /* FirebaseRemoteConfig */; };
		263EC29F2CBB2B320028E286 /* Lottie in Frameworks */ = {isa = PBXBuildFile; productRef = 263EC29E2CBB2B320028E286 /* Lottie */; };
		267A33F62CB99D27000326E6 /* FirebaseStorage in Frameworks */ = {isa = PBXBuildFile; productRef = 267A33F52CB99D27000326E6 /* FirebaseStorage */; };
		269AD4B52CC43470006479D2 /* Shake in Frameworks */ = {isa = PBXBuildFile; productRef = 269AD4B42CC43470006479D2 /* Shake */; };
		269AD4B72CC52959006479D2 /* FirebaseAnalyticsOnDeviceConversion in Frameworks */ = {isa = PBXBuildFile; productRef = 269AD4B62CC52959006479D2 /* FirebaseAnalyticsOnDeviceConversion */; };
		269AD4B92CC52959006479D2 /* FirebaseAnalyticsWithoutAdIdSupport in Frameworks */ = {isa = PBXBuildFile; productRef = 269AD4B82CC52959006479D2 /* FirebaseAnalyticsWithoutAdIdSupport */; };
/* End PBXBuildFile section */

/* Begin PBXContainerItemProxy section */
		267C17962CB5A892009A5485 /* PBXContainerItemProxy */ = {
			isa = PBXContainerItemProxy;
			containerPortal = 267C177D2CB5A891009A5485 /* Project object */;
			proxyType = 1;
			remoteGlobalIDString = 267C17842CB5A891009A5485;
			remoteInfo = PetReminder;
		};
		267C17A02CB5A892009A5485 /* PBXContainerItemProxy */ = {
			isa = PBXContainerItemProxy;
			containerPortal = 267C177D2CB5A891009A5485 /* Project object */;
			proxyType = 1;
			remoteGlobalIDString = 267C17842CB5A891009A5485;
			remoteInfo = PetReminder;
		};
/* End PBXContainerItemProxy section */

/* Begin PBXFileReference section */
		267C17852CB5A891009A5485 /* PetReminder.app */ = {isa = PBXFileReference; explicitFileType = wrapper.application; includeInIndex = 0; path = PetReminder.app; sourceTree = BUILT_PRODUCTS_DIR; };
		267C17952CB5A892009A5485 /* PetReminderTests.xctest */ = {isa = PBXFileReference; explicitFileType = wrapper.cfbundle; includeInIndex = 0; path = PetReminderTests.xctest; sourceTree = BUILT_PRODUCTS_DIR; };
		267C179F2CB5A892009A5485 /* PetReminderUITests.xctest */ = {isa = PBXFileReference; explicitFileType = wrapper.cfbundle; includeInIndex = 0; path = PetReminderUITests.xctest; sourceTree = BUILT_PRODUCTS_DIR; };
/* End PBXFileReference section */

/* Begin PBXFileSystemSynchronizedBuildFileExceptionSet section */
		26B283032CB84655004980A3 /* Exceptions for "PetReminder" folder in "PetReminder" target */ = {
			isa = PBXFileSystemSynchronizedBuildFileExceptionSet;
			membershipExceptions = (
				Info.plist,
			);
			target = 267C17842CB5A891009A5485 /* PetReminder */;
		};
/* End PBXFileSystemSynchronizedBuildFileExceptionSet section */

/* Begin PBXFileSystemSynchronizedRootGroup section */
		267C17872CB5A891009A5485 /* PetReminder */ = {
			isa = PBXFileSystemSynchronizedRootGroup;
			exceptions = (
				26B283032CB84655004980A3 /* Exceptions for "PetReminder" folder in "PetReminder" target */,
			);
			path = PetReminder;
			sourceTree = "<group>";
		};
		267C17982CB5A892009A5485 /* PetReminderTests */ = {
			isa = PBXFileSystemSynchronizedRootGroup;
			path = PetReminderTests;
			sourceTree = "<group>";
		};
		267C17A22CB5A892009A5485 /* PetReminderUITests */ = {
			isa = PBXFileSystemSynchronizedRootGroup;
			path = PetReminderUITests;
			sourceTree = "<group>";
		};
/* End PBXFileSystemSynchronizedRootGroup section */

/* Begin PBXFrameworksBuildPhase section */
		267C17822CB5A891009A5485 /* Frameworks */ = {
			isa = PBXFrameworksBuildPhase;
			buildActionMask = 2147483647;
			files = (
				260A24FF2CB6FA1F001A5399 /* FirebaseCrashlytics in Frameworks */,
				269AD4B92CC52959006479D2 /* FirebaseAnalyticsWithoutAdIdSupport in Frameworks */,
				269AD4B52CC43470006479D2 /* Shake in Frameworks */,
				263EC29F2CBB2B320028E286 /* Lottie in Frameworks */,
				260A25012CB6FA1F001A5399 /* FirebaseFirestore in Frameworks */,
				269AD4B72CC52959006479D2 /* FirebaseAnalyticsOnDeviceConversion in Frameworks */,
				260A24FB2CB6FA1F001A5399 /* FirebaseAnalytics in Frameworks */,
				260A24FD2CB6FA1F001A5399 /* FirebaseAuth in Frameworks */,
				260A25032CB6FA1F001A5399 /* FirebaseRemoteConfig in Frameworks */,
				267A33F62CB99D27000326E6 /* FirebaseStorage in Frameworks */,
			);
			runOnlyForDeploymentPostprocessing = 0;
		};
		267C17922CB5A892009A5485 /* Frameworks */ = {
			isa = PBXFrameworksBuildPhase;
			buildActionMask = 2147483647;
			files = (
			);
			runOnlyForDeploymentPostprocessing = 0;
		};
		267C179C2CB5A892009A5485 /* Frameworks */ = {
			isa = PBXFrameworksBuildPhase;
			buildActionMask = 2147483647;
			files = (
			);
			runOnlyForDeploymentPostprocessing = 0;
		};
/* End PBXFrameworksBuildPhase section */

/* Begin PBXGroup section */
		267C177C2CB5A890009A5485 = {
			isa = PBXGroup;
			children = (
				267C17872CB5A891009A5485 /* PetReminder */,
				267C17982CB5A892009A5485 /* PetReminderTests */,
				267C17A22CB5A892009A5485 /* PetReminderUITests */,
				267C17862CB5A891009A5485 /* Products */,
			);
			sourceTree = "<group>";
		};
		267C17862CB5A891009A5485 /* Products */ = {
			isa = PBXGroup;
			children = (
				267C17852CB5A891009A5485 /* PetReminder.app */,
				267C17952CB5A892009A5485 /* PetReminderTests.xctest */,
				267C179F2CB5A892009A5485 /* PetReminderUITests.xctest */,
			);
			name = Products;
			sourceTree = "<group>";
		};
/* End PBXGroup section */

/* Begin PBXNativeTarget section */
		267C17842CB5A891009A5485 /* PetReminder */ = {
			isa = PBXNativeTarget;
			buildConfigurationList = 267C17A92CB5A892009A5485 /* Build configuration list for PBXNativeTarget "PetReminder" */;
			buildPhases = (
				267C17812CB5A891009A5485 /* Sources */,
				267C17822CB5A891009A5485 /* Frameworks */,
				267C17832CB5A891009A5485 /* Resources */,
			);
			buildRules = (
			);
			dependencies = (
			);
			fileSystemSynchronizedGroups = (
				267C17872CB5A891009A5485 /* PetReminder */,
			);
			name = PetReminder;
			packageProductDependencies = (
				260A24FA2CB6FA1F001A5399 /* FirebaseAnalytics */,
				260A24FC2CB6FA1F001A5399 /* FirebaseAuth */,
				260A24FE2CB6FA1F001A5399 /* FirebaseCrashlytics */,
				260A25002CB6FA1F001A5399 /* FirebaseFirestore */,
				260A25022CB6FA1F001A5399 /* FirebaseRemoteConfig */,
				267A33F52CB99D27000326E6 /* FirebaseStorage */,
				263EC29E2CBB2B320028E286 /* Lottie */,
				269AD4B42CC43470006479D2 /* Shake */,
				269AD4B62CC52959006479D2 /* FirebaseAnalyticsOnDeviceConversion */,
				269AD4B82CC52959006479D2 /* FirebaseAnalyticsWithoutAdIdSupport */,
			);
			productName = PetReminder;
			productReference = 267C17852CB5A891009A5485 /* PetReminder.app */;
			productType = "com.apple.product-type.application";
		};
		267C17942CB5A892009A5485 /* PetReminderTests */ = {
			isa = PBXNativeTarget;
			buildConfigurationList = 267C17AC2CB5A892009A5485 /* Build configuration list for PBXNativeTarget "PetReminderTests" */;
			buildPhases = (
				267C17912CB5A892009A5485 /* Sources */,
				267C17922CB5A892009A5485 /* Frameworks */,
				267C17932CB5A892009A5485 /* Resources */,
			);
			buildRules = (
			);
			dependencies = (
				267C17972CB5A892009A5485 /* PBXTargetDependency */,
			);
			fileSystemSynchronizedGroups = (
				267C17982CB5A892009A5485 /* PetReminderTests */,
			);
			name = PetReminderTests;
			packageProductDependencies = (
			);
			productName = PetReminderTests;
			productReference = 267C17952CB5A892009A5485 /* PetReminderTests.xctest */;
			productType = "com.apple.product-type.bundle.unit-test";
		};
		267C179E2CB5A892009A5485 /* PetReminderUITests */ = {
			isa = PBXNativeTarget;
			buildConfigurationList = 267C17AF2CB5A892009A5485 /* Build configuration list for PBXNativeTarget "PetReminderUITests" */;
			buildPhases = (
				267C179B2CB5A892009A5485 /* Sources */,
				267C179C2CB5A892009A5485 /* Frameworks */,
				267C179D2CB5A892009A5485 /* Resources */,
			);
			buildRules = (
			);
			dependencies = (
				267C17A12CB5A892009A5485 /* PBXTargetDependency */,
			);
			fileSystemSynchronizedGroups = (
				267C17A22CB5A892009A5485 /* PetReminderUITests */,
			);
			name = PetReminderUITests;
			packageProductDependencies = (
			);
			productName = PetReminderUITests;
			productReference = 267C179F2CB5A892009A5485 /* PetReminderUITests.xctest */;
			productType = "com.apple.product-type.bundle.ui-testing";
		};
/* End PBXNativeTarget section */

/* Begin PBXProject section */
		267C177D2CB5A891009A5485 /* Project object */ = {
			isa = PBXProject;
			attributes = {
				BuildIndependentTargetsInParallel = 1;
				LastSwiftUpdateCheck = 1600;
				LastUpgradeCheck = 1600;
				TargetAttributes = {
					267C17842CB5A891009A5485 = {
						CreatedOnToolsVersion = 16.0;
					};
					267C17942CB5A892009A5485 = {
						CreatedOnToolsVersion = 16.0;
						TestTargetID = 267C17842CB5A891009A5485;
					};
					267C179E2CB5A892009A5485 = {
						CreatedOnToolsVersion = 16.0;
						TestTargetID = 267C17842CB5A891009A5485;
					};
				};
			};
			buildConfigurationList = 267C17802CB5A891009A5485 /* Build configuration list for PBXProject "PetReminder" */;
			developmentRegion = en;
			hasScannedForEncodings = 0;
			knownRegions = (
				en,
				Base,
				es,
			);
			mainGroup = 267C177C2CB5A890009A5485;
			minimizedProjectReferenceProxies = 1;
			packageReferences = (
				260A24F92CB6FA1F001A5399 /* XCRemoteSwiftPackageReference "firebase-ios-sdk" */,
				263EC29D2CBB2B320028E286 /* XCRemoteSwiftPackageReference "lottie-spm" */,
				269AD4B32CC43470006479D2 /* XCRemoteSwiftPackageReference "shake-ios" */,
			);
			preferredProjectObjectVersion = 77;
			productRefGroup = 267C17862CB5A891009A5485 /* Products */;
			projectDirPath = "";
			projectRoot = "";
			targets = (
				267C17842CB5A891009A5485 /* PetReminder */,
				267C17942CB5A892009A5485 /* PetReminderTests */,
				267C179E2CB5A892009A5485 /* PetReminderUITests */,
			);
		};
/* End PBXProject section */

/* Begin PBXResourcesBuildPhase section */
		267C17832CB5A891009A5485 /* Resources */ = {
			isa = PBXResourcesBuildPhase;
			buildActionMask = 2147483647;
			files = (
			);
			runOnlyForDeploymentPostprocessing = 0;
		};
		267C17932CB5A892009A5485 /* Resources */ = {
			isa = PBXResourcesBuildPhase;
			buildActionMask = 2147483647;
			files = (
			);
			runOnlyForDeploymentPostprocessing = 0;
		};
		267C179D2CB5A892009A5485 /* Resources */ = {
			isa = PBXResourcesBuildPhase;
			buildActionMask = 2147483647;
			files = (
			);
			runOnlyForDeploymentPostprocessing = 0;
		};
/* End PBXResourcesBuildPhase section */

/* Begin PBXSourcesBuildPhase section */
		267C17812CB5A891009A5485 /* Sources */ = {
			isa = PBXSourcesBuildPhase;
			buildActionMask = 2147483647;
			files = (
			);
			runOnlyForDeploymentPostprocessing = 0;
		};
		267C17912CB5A892009A5485 /* Sources */ = {
			isa = PBXSourcesBuildPhase;
			buildActionMask = 2147483647;
			files = (
			);
			runOnlyForDeploymentPostprocessing = 0;
		};
		267C179B2CB5A892009A5485 /* Sources */ = {
			isa = PBXSourcesBuildPhase;
			buildActionMask = 2147483647;
			files = (
			);
			runOnlyForDeploymentPostprocessing = 0;
		};
/* End PBXSourcesBuildPhase section */

/* Begin PBXTargetDependency section */
		267C17972CB5A892009A5485 /* PBXTargetDependency */ = {
			isa = PBXTargetDependency;
			target = 267C17842CB5A891009A5485 /* PetReminder */;
			targetProxy = 267C17962CB5A892009A5485 /* PBXContainerItemProxy */;
		};
		267C17A12CB5A892009A5485 /* PBXTargetDependency */ = {
			isa = PBXTargetDependency;
			target = 267C17842CB5A891009A5485 /* PetReminder */;
			targetProxy = 267C17A02CB5A892009A5485 /* PBXContainerItemProxy */;
		};
/* End PBXTargetDependency section */

/* Begin XCBuildConfiguration section */
		267C17A72CB5A892009A5485 /* Debug */ = {
			isa = XCBuildConfiguration;
			buildSettings = {
				ALWAYS_SEARCH_USER_PATHS = NO;
				ASSETCATALOG_COMPILER_GENERATE_SWIFT_ASSET_SYMBOL_EXTENSIONS = YES;
				CLANG_ANALYZER_NONNULL = YES;
				CLANG_ANALYZER_NUMBER_OBJECT_CONVERSION = YES_AGGRESSIVE;
				CLANG_CXX_LANGUAGE_STANDARD = "gnu++20";
				CLANG_ENABLE_MODULES = YES;
				CLANG_ENABLE_OBJC_ARC = YES;
				CLANG_ENABLE_OBJC_WEAK = YES;
				CLANG_WARN_BLOCK_CAPTURE_AUTORELEASING = YES;
				CLANG_WARN_BOOL_CONVERSION = YES;
				CLANG_WARN_COMMA = YES;
				CLANG_WARN_CONSTANT_CONVERSION = YES;
				CLANG_WARN_DEPRECATED_OBJC_IMPLEMENTATIONS = YES;
				CLANG_WARN_DIRECT_OBJC_ISA_USAGE = YES_ERROR;
				CLANG_WARN_DOCUMENTATION_COMMENTS = YES;
				CLANG_WARN_EMPTY_BODY = YES;
				CLANG_WARN_ENUM_CONVERSION = YES;
				CLANG_WARN_INFINITE_RECURSION = YES;
				CLANG_WARN_INT_CONVERSION = YES;
				CLANG_WARN_NON_LITERAL_NULL_CONVERSION = YES;
				CLANG_WARN_OBJC_IMPLICIT_RETAIN_SELF = YES;
				CLANG_WARN_OBJC_LITERAL_CONVERSION = YES;
				CLANG_WARN_OBJC_ROOT_CLASS = YES_ERROR;
				CLANG_WARN_QUOTED_INCLUDE_IN_FRAMEWORK_HEADER = YES;
				CLANG_WARN_RANGE_LOOP_ANALYSIS = YES;
				CLANG_WARN_STRICT_PROTOTYPES = YES;
				CLANG_WARN_SUSPICIOUS_MOVE = YES;
				CLANG_WARN_UNGUARDED_AVAILABILITY = YES_AGGRESSIVE;
				CLANG_WARN_UNREACHABLE_CODE = YES;
				CLANG_WARN__DUPLICATE_METHOD_MATCH = YES;
				COPY_PHASE_STRIP = NO;
				DEBUG_INFORMATION_FORMAT = dwarf;
				ENABLE_STRICT_OBJC_MSGSEND = YES;
				ENABLE_TESTABILITY = YES;
				ENABLE_USER_SCRIPT_SANDBOXING = YES;
				GCC_C_LANGUAGE_STANDARD = gnu17;
				GCC_DYNAMIC_NO_PIC = NO;
				GCC_NO_COMMON_BLOCKS = YES;
				GCC_OPTIMIZATION_LEVEL = 0;
				GCC_PREPROCESSOR_DEFINITIONS = (
					"DEBUG=1",
					"$(inherited)",
				);
				GCC_WARN_64_TO_32_BIT_CONVERSION = YES;
				GCC_WARN_ABOUT_RETURN_TYPE = YES_ERROR;
				GCC_WARN_UNDECLARED_SELECTOR = YES;
				GCC_WARN_UNINITIALIZED_AUTOS = YES_AGGRESSIVE;
				GCC_WARN_UNUSED_FUNCTION = YES;
				GCC_WARN_UNUSED_VARIABLE = YES;
				IPHONEOS_DEPLOYMENT_TARGET = 18.0;
				LOCALIZATION_PREFERS_STRING_CATALOGS = YES;
				MTL_ENABLE_DEBUG_INFO = INCLUDE_SOURCE;
				MTL_FAST_MATH = YES;
				ONLY_ACTIVE_ARCH = YES;
				SDKROOT = iphoneos;
				SWIFT_ACTIVE_COMPILATION_CONDITIONS = "DEBUG $(inherited)";
				SWIFT_EMIT_LOC_STRINGS = YES;
				SWIFT_OPTIMIZATION_LEVEL = "-Onone";
			};
			name = Debug;
		};
		267C17A82CB5A892009A5485 /* Release */ = {
			isa = XCBuildConfiguration;
			buildSettings = {
				ALWAYS_SEARCH_USER_PATHS = NO;
				ASSETCATALOG_COMPILER_GENERATE_SWIFT_ASSET_SYMBOL_EXTENSIONS = YES;
				CLANG_ANALYZER_NONNULL = YES;
				CLANG_ANALYZER_NUMBER_OBJECT_CONVERSION = YES_AGGRESSIVE;
				CLANG_CXX_LANGUAGE_STANDARD = "gnu++20";
				CLANG_ENABLE_MODULES = YES;
				CLANG_ENABLE_OBJC_ARC = YES;
				CLANG_ENABLE_OBJC_WEAK = YES;
				CLANG_WARN_BLOCK_CAPTURE_AUTORELEASING = YES;
				CLANG_WARN_BOOL_CONVERSION = YES;
				CLANG_WARN_COMMA = YES;
				CLANG_WARN_CONSTANT_CONVERSION = YES;
				CLANG_WARN_DEPRECATED_OBJC_IMPLEMENTATIONS = YES;
				CLANG_WARN_DIRECT_OBJC_ISA_USAGE = YES_ERROR;
				CLANG_WARN_DOCUMENTATION_COMMENTS = YES;
				CLANG_WARN_EMPTY_BODY = YES;
				CLANG_WARN_ENUM_CONVERSION = YES;
				CLANG_WARN_INFINITE_RECURSION = YES;
				CLANG_WARN_INT_CONVERSION = YES;
				CLANG_WARN_NON_LITERAL_NULL_CONVERSION = YES;
				CLANG_WARN_OBJC_IMPLICIT_RETAIN_SELF = YES;
				CLANG_WARN_OBJC_LITERAL_CONVERSION = YES;
				CLANG_WARN_OBJC_ROOT_CLASS = YES_ERROR;
				CLANG_WARN_QUOTED_INCLUDE_IN_FRAMEWORK_HEADER = YES;
				CLANG_WARN_RANGE_LOOP_ANALYSIS = YES;
				CLANG_WARN_STRICT_PROTOTYPES = YES;
				CLANG_WARN_SUSPICIOUS_MOVE = YES;
				CLANG_WARN_UNGUARDED_AVAILABILITY = YES_AGGRESSIVE;
				CLANG_WARN_UNREACHABLE_CODE = YES;
				CLANG_WARN__DUPLICATE_METHOD_MATCH = YES;
				COPY_PHASE_STRIP = NO;
				DEBUG_INFORMATION_FORMAT = "dwarf-with-dsym";
				ENABLE_NS_ASSERTIONS = NO;
				ENABLE_STRICT_OBJC_MSGSEND = YES;
				ENABLE_USER_SCRIPT_SANDBOXING = YES;
				GCC_C_LANGUAGE_STANDARD = gnu17;
				GCC_NO_COMMON_BLOCKS = YES;
				GCC_WARN_64_TO_32_BIT_CONVERSION = YES;
				GCC_WARN_ABOUT_RETURN_TYPE = YES_ERROR;
				GCC_WARN_UNDECLARED_SELECTOR = YES;
				GCC_WARN_UNINITIALIZED_AUTOS = YES_AGGRESSIVE;
				GCC_WARN_UNUSED_FUNCTION = YES;
				GCC_WARN_UNUSED_VARIABLE = YES;
				IPHONEOS_DEPLOYMENT_TARGET = 18.0;
				LOCALIZATION_PREFERS_STRING_CATALOGS = YES;
				MTL_ENABLE_DEBUG_INFO = NO;
				MTL_FAST_MATH = YES;
				SDKROOT = iphoneos;
				SWIFT_COMPILATION_MODE = wholemodule;
				SWIFT_EMIT_LOC_STRINGS = YES;
				VALIDATE_PRODUCT = YES;
			};
			name = Release;
		};
		267C17AA2CB5A892009A5485 /* Debug */ = {
			isa = XCBuildConfiguration;
			buildSettings = {
				ASSETCATALOG_COMPILER_APPICON_NAME = AppIcon;
				ASSETCATALOG_COMPILER_GLOBAL_ACCENT_COLOR_NAME = AccentColor;
				CODE_SIGN_STYLE = Automatic;
				CURRENT_PROJECT_VERSION = 1;
				DEVELOPMENT_ASSET_PATHS = "\"PetReminder/Preview Content\"";
				DEVELOPMENT_TEAM = F9QA4T4B5C;
				ENABLE_PREVIEWS = YES;
				GENERATE_INFOPLIST_FILE = YES;
				INFOPLIST_FILE = PetReminder/Info.plist;
				INFOPLIST_KEY_CFBundleDisplayName = "Pet Buddy";
				INFOPLIST_KEY_NSCameraUsageDescription = "Necesitamos acceder a la camara para tomar un selfie a tu mascota";
				INFOPLIST_KEY_NSPhotoLibraryUsageDescription = "Necesitamos acceder a la libreria para que puedas seleccionar la mejor foto de tu mascota";
				INFOPLIST_KEY_UIApplicationSceneManifest_Generation = YES;
				INFOPLIST_KEY_UIApplicationSupportsIndirectInputEvents = YES;
				INFOPLIST_KEY_UILaunchScreen_Generation = YES;
				INFOPLIST_KEY_UISupportedInterfaceOrientations_iPad = "UIInterfaceOrientationPortrait UIInterfaceOrientationPortraitUpsideDown UIInterfaceOrientationLandscapeLeft UIInterfaceOrientationLandscapeRight";
				INFOPLIST_KEY_UISupportedInterfaceOrientations_iPhone = "UIInterfaceOrientationPortrait UIInterfaceOrientationLandscapeLeft UIInterfaceOrientationLandscapeRight";
				IPHONEOS_DEPLOYMENT_TARGET = 16.0;
				LD_RUNPATH_SEARCH_PATHS = (
					"$(inherited)",
					"@executable_path/Frameworks",
				);
				MARKETING_VERSION = 1.0;
				PRODUCT_BUNDLE_IDENTIFIER = "com.franalarza.pet-buddy";
				PRODUCT_NAME = "$(TARGET_NAME)";
				SWIFT_EMIT_LOC_STRINGS = YES;
				SWIFT_VERSION = 5.0;
				TARGETED_DEVICE_FAMILY = "1,2";
			};
			name = Debug;
		};
		267C17AB2CB5A892009A5485 /* Release */ = {
			isa = XCBuildConfiguration;
			buildSettings = {
				ASSETCATALOG_COMPILER_APPICON_NAME = AppIcon;
				ASSETCATALOG_COMPILER_GLOBAL_ACCENT_COLOR_NAME = AccentColor;
				CODE_SIGN_STYLE = Automatic;
				CURRENT_PROJECT_VERSION = 1;
				DEVELOPMENT_ASSET_PATHS = "\"PetReminder/Preview Content\"";
				DEVELOPMENT_TEAM = F9QA4T4B5C;
				ENABLE_PREVIEWS = YES;
				GENERATE_INFOPLIST_FILE = YES;
				INFOPLIST_FILE = PetReminder/Info.plist;
				INFOPLIST_KEY_CFBundleDisplayName = "Pet Buddy";
				INFOPLIST_KEY_NSCameraUsageDescription = "Necesitamos acceder a la camara para tomar un selfie a tu mascota";
				INFOPLIST_KEY_NSPhotoLibraryUsageDescription = "Necesitamos acceder a la libreria para que puedas seleccionar la mejor foto de tu mascota";
				INFOPLIST_KEY_UIApplicationSceneManifest_Generation = YES;
				INFOPLIST_KEY_UIApplicationSupportsIndirectInputEvents = YES;
				INFOPLIST_KEY_UILaunchScreen_Generation = YES;
				INFOPLIST_KEY_UISupportedInterfaceOrientations_iPad = "UIInterfaceOrientationPortrait UIInterfaceOrientationPortraitUpsideDown UIInterfaceOrientationLandscapeLeft UIInterfaceOrientationLandscapeRight";
				INFOPLIST_KEY_UISupportedInterfaceOrientations_iPhone = "UIInterfaceOrientationPortrait UIInterfaceOrientationLandscapeLeft UIInterfaceOrientationLandscapeRight";
				IPHONEOS_DEPLOYMENT_TARGET = 16.0;
				LD_RUNPATH_SEARCH_PATHS = (
					"$(inherited)",
					"@executable_path/Frameworks",
				);
				MARKETING_VERSION = 1.0;
				PRODUCT_BUNDLE_IDENTIFIER = "com.franalarza.pet-buddy";
				PRODUCT_NAME = "$(TARGET_NAME)";
				SWIFT_EMIT_LOC_STRINGS = YES;
				SWIFT_VERSION = 5.0;
				TARGETED_DEVICE_FAMILY = "1,2";
			};
			name = Release;
		};
		267C17AD2CB5A892009A5485 /* Debug */ = {
			isa = XCBuildConfiguration;
			buildSettings = {
				BUNDLE_LOADER = "$(TEST_HOST)";
				CODE_SIGN_STYLE = Automatic;
				CURRENT_PROJECT_VERSION = 1;
				DEVELOPMENT_TEAM = 8AN9PR7GP3;
				GENERATE_INFOPLIST_FILE = YES;
				IPHONEOS_DEPLOYMENT_TARGET = 18.0;
				MARKETING_VERSION = 1.0;
				PRODUCT_BUNDLE_IDENTIFIER = com.goatCompany.PetReminderTests;
				PRODUCT_NAME = "$(TARGET_NAME)";
				SWIFT_EMIT_LOC_STRINGS = NO;
				SWIFT_VERSION = 5.0;
				TARGETED_DEVICE_FAMILY = "1,2";
				TEST_HOST = "$(BUILT_PRODUCTS_DIR)/PetReminder.app/$(BUNDLE_EXECUTABLE_FOLDER_PATH)/PetReminder";
			};
			name = Debug;
		};
		267C17AE2CB5A892009A5485 /* Release */ = {
			isa = XCBuildConfiguration;
			buildSettings = {
				BUNDLE_LOADER = "$(TEST_HOST)";
				CODE_SIGN_STYLE = Automatic;
				CURRENT_PROJECT_VERSION = 1;
				DEVELOPMENT_TEAM = 8AN9PR7GP3;
				GENERATE_INFOPLIST_FILE = YES;
				IPHONEOS_DEPLOYMENT_TARGET = 18.0;
				MARKETING_VERSION = 1.0;
				PRODUCT_BUNDLE_IDENTIFIER = com.goatCompany.PetReminderTests;
				PRODUCT_NAME = "$(TARGET_NAME)";
				SWIFT_EMIT_LOC_STRINGS = NO;
				SWIFT_VERSION = 5.0;
				TARGETED_DEVICE_FAMILY = "1,2";
				TEST_HOST = "$(BUILT_PRODUCTS_DIR)/PetReminder.app/$(BUNDLE_EXECUTABLE_FOLDER_PATH)/PetReminder";
			};
			name = Release;
		};
		267C17B02CB5A892009A5485 /* Debug */ = {
			isa = XCBuildConfiguration;
			buildSettings = {
				CODE_SIGN_STYLE = Automatic;
				CURRENT_PROJECT_VERSION = 1;
				DEVELOPMENT_TEAM = 8AN9PR7GP3;
				GENERATE_INFOPLIST_FILE = YES;
				MARKETING_VERSION = 1.0;
				PRODUCT_BUNDLE_IDENTIFIER = com.goatCompany.PetReminderUITests;
				PRODUCT_NAME = "$(TARGET_NAME)";
				SWIFT_EMIT_LOC_STRINGS = NO;
				SWIFT_VERSION = 5.0;
				TARGETED_DEVICE_FAMILY = "1,2";
				TEST_TARGET_NAME = PetReminder;
			};
			name = Debug;
		};
		267C17B12CB5A892009A5485 /* Release */ = {
			isa = XCBuildConfiguration;
			buildSettings = {
				CODE_SIGN_STYLE = Automatic;
				CURRENT_PROJECT_VERSION = 1;
				DEVELOPMENT_TEAM = 8AN9PR7GP3;
				GENERATE_INFOPLIST_FILE = YES;
				MARKETING_VERSION = 1.0;
				PRODUCT_BUNDLE_IDENTIFIER = com.goatCompany.PetReminderUITests;
				PRODUCT_NAME = "$(TARGET_NAME)";
				SWIFT_EMIT_LOC_STRINGS = NO;
				SWIFT_VERSION = 5.0;
				TARGETED_DEVICE_FAMILY = "1,2";
				TEST_TARGET_NAME = PetReminder;
			};
			name = Release;
		};
/* End XCBuildConfiguration section */

/* Begin XCConfigurationList section */
		267C17802CB5A891009A5485 /* Build configuration list for PBXProject "PetReminder" */ = {
			isa = XCConfigurationList;
			buildConfigurations = (
				267C17A72CB5A892009A5485 /* Debug */,
				267C17A82CB5A892009A5485 /* Release */,
			);
			defaultConfigurationIsVisible = 0;
			defaultConfigurationName = Release;
		};
		267C17A92CB5A892009A5485 /* Build configuration list for PBXNativeTarget "PetReminder" */ = {
			isa = XCConfigurationList;
			buildConfigurations = (
				267C17AA2CB5A892009A5485 /* Debug */,
				267C17AB2CB5A892009A5485 /* Release */,
			);
			defaultConfigurationIsVisible = 0;
			defaultConfigurationName = Release;
		};
		267C17AC2CB5A892009A5485 /* Build configuration list for PBXNativeTarget "PetReminderTests" */ = {
			isa = XCConfigurationList;
			buildConfigurations = (
				267C17AD2CB5A892009A5485 /* Debug */,
				267C17AE2CB5A892009A5485 /* Release */,
			);
			defaultConfigurationIsVisible = 0;
			defaultConfigurationName = Release;
		};
		267C17AF2CB5A892009A5485 /* Build configuration list for PBXNativeTarget "PetReminderUITests" */ = {
			isa = XCConfigurationList;
			buildConfigurations = (
				267C17B02CB5A892009A5485 /* Debug */,
				267C17B12CB5A892009A5485 /* Release */,
			);
			defaultConfigurationIsVisible = 0;
			defaultConfigurationName = Release;
		};
/* End XCConfigurationList section */

/* Begin XCRemoteSwiftPackageReference section */
		260A24F92CB6FA1F001A5399 /* XCRemoteSwiftPackageReference "firebase-ios-sdk" */ = {
			isa = XCRemoteSwiftPackageReference;
			repositoryURL = "https://github.com/firebase/firebase-ios-sdk";
			requirement = {
				kind = upToNextMajorVersion;
				minimumVersion = 11.3.0;
			};
		};
		263EC29D2CBB2B320028E286 /* XCRemoteSwiftPackageReference "lottie-spm" */ = {
			isa = XCRemoteSwiftPackageReference;
			repositoryURL = "https://github.com/airbnb/lottie-spm.git";
			requirement = {
				kind = upToNextMajorVersion;
				minimumVersion = 4.5.0;
			};
		};
		269AD4B32CC43470006479D2 /* XCRemoteSwiftPackageReference "shake-ios" */ = {
			isa = XCRemoteSwiftPackageReference;
			repositoryURL = "https://github.com/shakebugs/shake-ios";
			requirement = {
				kind = upToNextMajorVersion;
				minimumVersion = 17.0.1;
			};
		};
/* End XCRemoteSwiftPackageReference section */

/* Begin XCSwiftPackageProductDependency section */
		260A24FA2CB6FA1F001A5399 /* FirebaseAnalytics */ = {
			isa = XCSwiftPackageProductDependency;
			package = 260A24F92CB6FA1F001A5399 /* XCRemoteSwiftPackageReference "firebase-ios-sdk" */;
			productName = FirebaseAnalytics;
		};
		260A24FC2CB6FA1F001A5399 /* FirebaseAuth */ = {
			isa = XCSwiftPackageProductDependency;
			package = 260A24F92CB6FA1F001A5399 /* XCRemoteSwiftPackageReference "firebase-ios-sdk" */;
			productName = FirebaseAuth;
		};
		260A24FE2CB6FA1F001A5399 /* FirebaseCrashlytics */ = {
			isa = XCSwiftPackageProductDependency;
			package = 260A24F92CB6FA1F001A5399 /* XCRemoteSwiftPackageReference "firebase-ios-sdk" */;
			productName = FirebaseCrashlytics;
		};
		260A25002CB6FA1F001A5399 /* FirebaseFirestore */ = {
			isa = XCSwiftPackageProductDependency;
			package = 260A24F92CB6FA1F001A5399 /* XCRemoteSwiftPackageReference "firebase-ios-sdk" */;
			productName = FirebaseFirestore;
		};
		260A25022CB6FA1F001A5399 /* FirebaseRemoteConfig */ = {
			isa = XCSwiftPackageProductDependency;
			package = 260A24F92CB6FA1F001A5399 /* XCRemoteSwiftPackageReference "firebase-ios-sdk" */;
			productName = FirebaseRemoteConfig;
		};
		263EC29E2CBB2B320028E286 /* Lottie */ = {
			isa = XCSwiftPackageProductDependency;
			package = 263EC29D2CBB2B320028E286 /* XCRemoteSwiftPackageReference "lottie-spm" */;
			productName = Lottie;
		};
		267A33F52CB99D27000326E6 /* FirebaseStorage */ = {
			isa = XCSwiftPackageProductDependency;
			package = 260A24F92CB6FA1F001A5399 /* XCRemoteSwiftPackageReference "firebase-ios-sdk" */;
			productName = FirebaseStorage;
		};
		269AD4B42CC43470006479D2 /* Shake */ = {
			isa = XCSwiftPackageProductDependency;
			package = 269AD4B32CC43470006479D2 /* XCRemoteSwiftPackageReference "shake-ios" */;
			productName = Shake;
		};
		269AD4B62CC52959006479D2 /* FirebaseAnalyticsOnDeviceConversion */ = {
			isa = XCSwiftPackageProductDependency;
			package = 260A24F92CB6FA1F001A5399 /* XCRemoteSwiftPackageReference "firebase-ios-sdk" */;
			productName = FirebaseAnalyticsOnDeviceConversion;
		};
		269AD4B82CC52959006479D2 /* FirebaseAnalyticsWithoutAdIdSupport */ = {
			isa = XCSwiftPackageProductDependency;
			package = 260A24F92CB6FA1F001A5399 /* XCRemoteSwiftPackageReference "firebase-ios-sdk" */;
			productName = FirebaseAnalyticsWithoutAdIdSupport;
		};
/* End XCSwiftPackageProductDependency section */
	};
	rootObject = 267C177D2CB5A891009A5485 /* Project object */;
}
